// !$*UTF8*$!
{
	archiveVersion = 1;
	classes = {
	};
	objectVersion = 46;
	objects = {

/* Begin PBXBuildFile section */
		7224BCD0152AA25A00707C3A /* UIKit.framework in Frameworks */ = {isa = PBXBuildFile; fileRef = 7224BCCF152AA25A00707C3A /* UIKit.framework */; };
		7224BCD2152AA25A00707C3A /* Foundation.framework in Frameworks */ = {isa = PBXBuildFile; fileRef = 7224BCD1152AA25A00707C3A /* Foundation.framework */; };
		7224BCD4152AA25A00707C3A /* CoreGraphics.framework in Frameworks */ = {isa = PBXBuildFile; fileRef = 7224BCD3152AA25A00707C3A /* CoreGraphics.framework */; };
		7224BCDA152AA25A00707C3A /* InfoPlist.strings in Resources */ = {isa = PBXBuildFile; fileRef = 7224BCD8152AA25A00707C3A /* InfoPlist.strings */; };
		7224BCDC152AA25A00707C3A /* main.m in Sources */ = {isa = PBXBuildFile; fileRef = 7224BCDB152AA25A00707C3A /* main.m */; };
		7224BCE0152AA25A00707C3A /* AppDelegate.m in Sources */ = {isa = PBXBuildFile; fileRef = 7224BCDF152AA25A00707C3A /* AppDelegate.m */; };
		7224BCE3152AA25A00707C3A /* RestaurantViewController.m in Sources */ = {isa = PBXBuildFile; fileRef = 7224BCE2152AA25A00707C3A /* RestaurantViewController.m */; };
		7224BCE6152AA25A00707C3A /* DetailViewController.m in Sources */ = {isa = PBXBuildFile; fileRef = 7224BCE5152AA25A00707C3A /* DetailViewController.m */; };
		7224BCE9152AA25A00707C3A /* RestaurantViewController.xib in Resources */ = {isa = PBXBuildFile; fileRef = 7224BCE7152AA25A00707C3A /* RestaurantViewController.xib */; };
		7224BCEC152AA25A00707C3A /* DetailViewController.xib in Resources */ = {isa = PBXBuildFile; fileRef = 7224BCEA152AA25A00707C3A /* DetailViewController.xib */; };
		7224BCF4152AA33A00707C3A /* Model.m in Sources */ = {isa = PBXBuildFile; fileRef = 7224BCF3152AA33A00707C3A /* Model.m */; };
		7224BD05152AAA7F00707C3A /* CDataScanner.m in Sources */ = {isa = PBXBuildFile; fileRef = 7224BCFB152AAA7F00707C3A /* CDataScanner.m */; };
		7224BD06152AAA7F00707C3A /* CDataScanner_Extensions.m in Sources */ = {isa = PBXBuildFile; fileRef = 7224BCFD152AAA7F00707C3A /* CDataScanner_Extensions.m */; };
		7224BD07152AAA7F00707C3A /* CJSONDeserializer.m in Sources */ = {isa = PBXBuildFile; fileRef = 7224BCFF152AAA7F00707C3A /* CJSONDeserializer.m */; };
		7224BD08152AAA7F00707C3A /* CJSONScanner.m in Sources */ = {isa = PBXBuildFile; fileRef = 7224BD01152AAA7F00707C3A /* CJSONScanner.m */; };
		7224BD09152AAA7F00707C3A /* CJSONSerializer.m in Sources */ = {isa = PBXBuildFile; fileRef = 7224BD03152AAA7F00707C3A /* CJSONSerializer.m */; };
		7224BD0D152ABB3400707C3A /* MenuViewController.m in Sources */ = {isa = PBXBuildFile; fileRef = 7224BD0B152ABB3400707C3A /* MenuViewController.m */; };
		7224BD0E152ABB3400707C3A /* MenuViewController.xib in Resources */ = {isa = PBXBuildFile; fileRef = 7224BD0C152ABB3400707C3A /* MenuViewController.xib */; };
		723094D1152B507F00C3CDD8 /* StadiumViewController.m in Sources */ = {isa = PBXBuildFile; fileRef = 723094CF152B507F00C3CDD8 /* StadiumViewController.m */; };
		723094D2152B507F00C3CDD8 /* StadiumViewController.xib in Resources */ = {isa = PBXBuildFile; fileRef = 723094D0152B507F00C3CDD8 /* StadiumViewController.xib */; };
		723094DF152B7E0E00C3CDD8 /* ExtrasViewController.m in Sources */ = {isa = PBXBuildFile; fileRef = 723094DD152B7E0E00C3CDD8 /* ExtrasViewController.m */; };
		723094E0152B7E0E00C3CDD8 /* ExtrasViewController.xib in Resources */ = {isa = PBXBuildFile; fileRef = 723094DE152B7E0E00C3CDD8 /* ExtrasViewController.xib */; };
		7231660C152F727B00C997B9 /* ShoppingCart.m in Sources */ = {isa = PBXBuildFile; fileRef = 7231660B152F727B00C997B9 /* ShoppingCart.m */; };
		72B10A8C152F3AD50010D14D /* Images.xcdatamodeld in Sources */ = {isa = PBXBuildFile; fileRef = 72B10A8A152F3AD50010D14D /* Images.xcdatamodeld */; };
		72B10A8E152F3BAF0010D14D /* CoreData.framework in Frameworks */ = {isa = PBXBuildFile; fileRef = 72B10A8D152F3BAF0010D14D /* CoreData.framework */; };
		72B10A9A152F709D0010D14D /* shoppingcart.png in Resources */ = {isa = PBXBuildFile; fileRef = 72B10A99152F709D0010D14D /* shoppingcart.png */; };
		72B10A9E152F715E0010D14D /* ShoppingCart.xib in Resources */ = {isa = PBXBuildFile; fileRef = 72B10A9D152F715E0010D14D /* ShoppingCart.xib */; };
		72FDB560152E3D0600CF34DE /* LocationViewController.m in Sources */ = {isa = PBXBuildFile; fileRef = 72FDB55F152E3D0600CF34DE /* LocationViewController.m */; };
		72FDB563152E469300CF34DE /* CoreLocation.framework in Frameworks */ = {isa = PBXBuildFile; fileRef = 72FDB562152E469300CF34DE /* CoreLocation.framework */; };
		72FDB566152E4A9800CF34DE /* AlertViewWithIndicator.m in Sources */ = {isa = PBXBuildFile; fileRef = 72FDB565152E4A9800CF34DE /* AlertViewWithIndicator.m */; };
		72FDB56B152E75F200CF34DE /* CustomCell.m in Sources */ = {isa = PBXBuildFile; fileRef = 72FDB56A152E75F100CF34DE /* CustomCell.m */; };
		72FDB56E152E848B00CF34DE /* Order.m in Sources */ = {isa = PBXBuildFile; fileRef = 72FDB56D152E848B00CF34DE /* Order.m */; };
		72FDB571152E84AC00CF34DE /* Cart.m in Sources */ = {isa = PBXBuildFile; fileRef = 72FDB570152E84AC00CF34DE /* Cart.m */; };
		72FDB575152E96B600CF34DE /* CartViewController.m in Sources */ = {isa = PBXBuildFile; fileRef = 72FDB573152E96B400CF34DE /* CartViewController.m */; };
		72FDB576152E96B600CF34DE /* CartViewController.xib in Resources */ = {isa = PBXBuildFile; fileRef = 72FDB574152E96B500CF34DE /* CartViewController.xib */; };
		72FDB57C152EA95E00CF34DE /* CartCell.xib in Resources */ = {isa = PBXBuildFile; fileRef = 72FDB57B152EA95E00CF34DE /* CartCell.xib */; };
		72FDB57F152EAAB900CF34DE /* CartCell.m in Sources */ = {isa = PBXBuildFile; fileRef = 72FDB57E152EAAB800CF34DE /* CartCell.m */; };
/* End PBXBuildFile section */

/* Begin PBXFileReference section */
		7224BCCB152AA25A00707C3A /* BallParkDelivery.app */ = {isa = PBXFileReference; explicitFileType = wrapper.application; includeInIndex = 0; path = BallParkDelivery.app; sourceTree = BUILT_PRODUCTS_DIR; };
		7224BCCF152AA25A00707C3A /* UIKit.framework */ = {isa = PBXFileReference; lastKnownFileType = wrapper.framework; name = UIKit.framework; path = System/Library/Frameworks/UIKit.framework; sourceTree = SDKROOT; };
		7224BCD1152AA25A00707C3A /* Foundation.framework */ = {isa = PBXFileReference; lastKnownFileType = wrapper.framework; name = Foundation.framework; path = System/Library/Frameworks/Foundation.framework; sourceTree = SDKROOT; };
		7224BCD3152AA25A00707C3A /* CoreGraphics.framework */ = {isa = PBXFileReference; lastKnownFileType = wrapper.framework; name = CoreGraphics.framework; path = System/Library/Frameworks/CoreGraphics.framework; sourceTree = SDKROOT; };
		7224BCD7152AA25A00707C3A /* BallParkDelivery-Info.plist */ = {isa = PBXFileReference; lastKnownFileType = text.plist.xml; path = "BallParkDelivery-Info.plist"; sourceTree = "<group>"; };
		7224BCD9152AA25A00707C3A /* en */ = {isa = PBXFileReference; lastKnownFileType = text.plist.strings; name = en; path = en.lproj/InfoPlist.strings; sourceTree = "<group>"; };
		7224BCDB152AA25A00707C3A /* main.m */ = {isa = PBXFileReference; lastKnownFileType = sourcecode.c.objc; path = main.m; sourceTree = "<group>"; };
		7224BCDD152AA25A00707C3A /* BallParkDelivery-Prefix.pch */ = {isa = PBXFileReference; lastKnownFileType = sourcecode.c.h; path = "BallParkDelivery-Prefix.pch"; sourceTree = "<group>"; };
		7224BCDE152AA25A00707C3A /* AppDelegate.h */ = {isa = PBXFileReference; lastKnownFileType = sourcecode.c.h; path = AppDelegate.h; sourceTree = "<group>"; };
		7224BCDF152AA25A00707C3A /* AppDelegate.m */ = {isa = PBXFileReference; lastKnownFileType = sourcecode.c.objc; path = AppDelegate.m; sourceTree = "<group>"; };
		7224BCE1152AA25A00707C3A /* RestaurantViewController.h */ = {isa = PBXFileReference; lastKnownFileType = sourcecode.c.h; path = RestaurantViewController.h; sourceTree = "<group>"; };
		7224BCE2152AA25A00707C3A /* RestaurantViewController.m */ = {isa = PBXFileReference; lastKnownFileType = sourcecode.c.objc; path = RestaurantViewController.m; sourceTree = "<group>"; };
		7224BCE4152AA25A00707C3A /* DetailViewController.h */ = {isa = PBXFileReference; lastKnownFileType = sourcecode.c.h; path = DetailViewController.h; sourceTree = "<group>"; };
		7224BCE5152AA25A00707C3A /* DetailViewController.m */ = {isa = PBXFileReference; lastKnownFileType = sourcecode.c.objc; path = DetailViewController.m; sourceTree = "<group>"; };
		7224BCE8152AA25A00707C3A /* en */ = {isa = PBXFileReference; lastKnownFileType = file.xib; name = en; path = en.lproj/RestaurantViewController.xib; sourceTree = "<group>"; };
		7224BCEB152AA25A00707C3A /* en */ = {isa = PBXFileReference; lastKnownFileType = file.xib; name = en; path = en.lproj/DetailViewController.xib; sourceTree = "<group>"; };
		7224BCF2152AA33A00707C3A /* Model.h */ = {isa = PBXFileReference; fileEncoding = 4; lastKnownFileType = sourcecode.c.h; path = Model.h; sourceTree = "<group>"; };
		7224BCF3152AA33A00707C3A /* Model.m */ = {isa = PBXFileReference; fileEncoding = 4; lastKnownFileType = sourcecode.c.objc; path = Model.m; sourceTree = "<group>"; };
		7224BCFA152AAA7F00707C3A /* CDataScanner.h */ = {isa = PBXFileReference; fileEncoding = 4; lastKnownFileType = sourcecode.c.h; path = CDataScanner.h; sourceTree = "<group>"; };
		7224BCFB152AAA7F00707C3A /* CDataScanner.m */ = {isa = PBXFileReference; fileEncoding = 4; lastKnownFileType = sourcecode.c.objc; path = CDataScanner.m; sourceTree = "<group>"; };
		7224BCFC152AAA7F00707C3A /* CDataScanner_Extensions.h */ = {isa = PBXFileReference; fileEncoding = 4; lastKnownFileType = sourcecode.c.h; path = CDataScanner_Extensions.h; sourceTree = "<group>"; };
		7224BCFD152AAA7F00707C3A /* CDataScanner_Extensions.m */ = {isa = PBXFileReference; fileEncoding = 4; lastKnownFileType = sourcecode.c.objc; path = CDataScanner_Extensions.m; sourceTree = "<group>"; };
		7224BCFE152AAA7F00707C3A /* CJSONDeserializer.h */ = {isa = PBXFileReference; fileEncoding = 4; lastKnownFileType = sourcecode.c.h; path = CJSONDeserializer.h; sourceTree = "<group>"; };
		7224BCFF152AAA7F00707C3A /* CJSONDeserializer.m */ = {isa = PBXFileReference; fileEncoding = 4; lastKnownFileType = sourcecode.c.objc; path = CJSONDeserializer.m; sourceTree = "<group>"; };
		7224BD00152AAA7F00707C3A /* CJSONScanner.h */ = {isa = PBXFileReference; fileEncoding = 4; lastKnownFileType = sourcecode.c.h; path = CJSONScanner.h; sourceTree = "<group>"; };
		7224BD01152AAA7F00707C3A /* CJSONScanner.m */ = {isa = PBXFileReference; fileEncoding = 4; lastKnownFileType = sourcecode.c.objc; path = CJSONScanner.m; sourceTree = "<group>"; };
		7224BD02152AAA7F00707C3A /* CJSONSerializer.h */ = {isa = PBXFileReference; fileEncoding = 4; lastKnownFileType = sourcecode.c.h; path = CJSONSerializer.h; sourceTree = "<group>"; };
		7224BD03152AAA7F00707C3A /* CJSONSerializer.m */ = {isa = PBXFileReference; fileEncoding = 4; lastKnownFileType = sourcecode.c.objc; path = CJSONSerializer.m; sourceTree = "<group>"; };
		7224BD04152AAA7F00707C3A /* JSONRepresentation.h */ = {isa = PBXFileReference; fileEncoding = 4; lastKnownFileType = sourcecode.c.h; path = JSONRepresentation.h; sourceTree = "<group>"; };
		7224BD0A152ABB3400707C3A /* MenuViewController.h */ = {isa = PBXFileReference; fileEncoding = 4; lastKnownFileType = sourcecode.c.h; path = MenuViewController.h; sourceTree = "<group>"; };
		7224BD0B152ABB3400707C3A /* MenuViewController.m */ = {isa = PBXFileReference; fileEncoding = 4; lastKnownFileType = sourcecode.c.objc; path = MenuViewController.m; sourceTree = "<group>"; };
		7224BD0C152ABB3400707C3A /* MenuViewController.xib */ = {isa = PBXFileReference; fileEncoding = 4; lastKnownFileType = file.xib; path = MenuViewController.xib; sourceTree = "<group>"; };
		723094CE152B507F00C3CDD8 /* StadiumViewController.h */ = {isa = PBXFileReference; fileEncoding = 4; lastKnownFileType = sourcecode.c.h; path = StadiumViewController.h; sourceTree = "<group>"; };
		723094CF152B507F00C3CDD8 /* StadiumViewController.m */ = {isa = PBXFileReference; fileEncoding = 4; lastKnownFileType = sourcecode.c.objc; path = StadiumViewController.m; sourceTree = "<group>"; };
		723094D0152B507F00C3CDD8 /* StadiumViewController.xib */ = {isa = PBXFileReference; fileEncoding = 4; lastKnownFileType = file.xib; path = StadiumViewController.xib; sourceTree = "<group>"; };
		723094DC152B7E0E00C3CDD8 /* ExtrasViewController.h */ = {isa = PBXFileReference; fileEncoding = 4; lastKnownFileType = sourcecode.c.h; path = ExtrasViewController.h; sourceTree = "<group>"; };
		723094DD152B7E0E00C3CDD8 /* ExtrasViewController.m */ = {isa = PBXFileReference; fileEncoding = 4; lastKnownFileType = sourcecode.c.objc; path = ExtrasViewController.m; sourceTree = "<group>"; };
		723094DE152B7E0E00C3CDD8 /* ExtrasViewController.xib */ = {isa = PBXFileReference; fileEncoding = 4; lastKnownFileType = file.xib; path = ExtrasViewController.xib; sourceTree = "<group>"; };
		7231660A152F727B00C997B9 /* ShoppingCart.h */ = {isa = PBXFileReference; fileEncoding = 4; lastKnownFileType = sourcecode.c.h; path = ShoppingCart.h; sourceTree = "<group>"; };
		7231660B152F727B00C997B9 /* ShoppingCart.m */ = {isa = PBXFileReference; fileEncoding = 4; lastKnownFileType = sourcecode.c.objc; path = ShoppingCart.m; sourceTree = "<group>"; };
		72B10A8B152F3AD50010D14D /* Images.xcdatamodel */ = {isa = PBXFileReference; lastKnownFileType = wrapper.xcdatamodel; path = Images.xcdatamodel; sourceTree = "<group>"; };
		72B10A8D152F3BAF0010D14D /* CoreData.framework */ = {isa = PBXFileReference; lastKnownFileType = wrapper.framework; name = CoreData.framework; path = System/Library/Frameworks/CoreData.framework; sourceTree = SDKROOT; };
		72B10A99152F709D0010D14D /* shoppingcart.png */ = {isa = PBXFileReference; lastKnownFileType = image.png; path = shoppingcart.png; sourceTree = "<group>"; };
		72B10A9D152F715E0010D14D /* ShoppingCart.xib */ = {isa = PBXFileReference; fileEncoding = 4; lastKnownFileType = file.xib; name = ShoppingCart.xib; path = ../ShoppingCart.xib; sourceTree = "<group>"; };
		72FDB55E152E3D0600CF34DE /* LocationViewController.h */ = {isa = PBXFileReference; fileEncoding = 4; lastKnownFileType = sourcecode.c.h; path = LocationViewController.h; sourceTree = "<group>"; };
		72FDB55F152E3D0600CF34DE /* LocationViewController.m */ = {isa = PBXFileReference; fileEncoding = 4; lastKnownFileType = sourcecode.c.objc; path = LocationViewController.m; sourceTree = "<group>"; };
		72FDB562152E469300CF34DE /* CoreLocation.framework */ = {isa = PBXFileReference; lastKnownFileType = wrapper.framework; name = CoreLocation.framework; path = System/Library/Frameworks/CoreLocation.framework; sourceTree = SDKROOT; };
		72FDB564152E4A9800CF34DE /* AlertViewWithIndicator.h */ = {isa = PBXFileReference; fileEncoding = 4; lastKnownFileType = sourcecode.c.h; path = AlertViewWithIndicator.h; sourceTree = "<group>"; };
		72FDB565152E4A9800CF34DE /* AlertViewWithIndicator.m */ = {isa = PBXFileReference; fileEncoding = 4; lastKnownFileType = sourcecode.c.objc; path = AlertViewWithIndicator.m; sourceTree = "<group>"; };
		72FDB569152E75F100CF34DE /* CustomCell.h */ = {isa = PBXFileReference; fileEncoding = 4; lastKnownFileType = sourcecode.c.h; path = CustomCell.h; sourceTree = "<group>"; };
		72FDB56A152E75F100CF34DE /* CustomCell.m */ = {isa = PBXFileReference; fileEncoding = 4; lastKnownFileType = sourcecode.c.objc; path = CustomCell.m; sourceTree = "<group>"; };
		72FDB56C152E848B00CF34DE /* Order.h */ = {isa = PBXFileReference; fileEncoding = 4; lastKnownFileType = sourcecode.c.h; path = Order.h; sourceTree = "<group>"; };
		72FDB56D152E848B00CF34DE /* Order.m */ = {isa = PBXFileReference; fileEncoding = 4; lastKnownFileType = sourcecode.c.objc; path = Order.m; sourceTree = "<group>"; };
		72FDB56F152E84AB00CF34DE /* Cart.h */ = {isa = PBXFileReference; fileEncoding = 4; lastKnownFileType = sourcecode.c.h; path = Cart.h; sourceTree = "<group>"; };
		72FDB570152E84AC00CF34DE /* Cart.m */ = {isa = PBXFileReference; fileEncoding = 4; lastKnownFileType = sourcecode.c.objc; path = Cart.m; sourceTree = "<group>"; };
		72FDB572152E96B400CF34DE /* CartViewController.h */ = {isa = PBXFileReference; fileEncoding = 4; lastKnownFileType = sourcecode.c.h; path = CartViewController.h; sourceTree = "<group>"; };
		72FDB573152E96B400CF34DE /* CartViewController.m */ = {isa = PBXFileReference; fileEncoding = 4; lastKnownFileType = sourcecode.c.objc; path = CartViewController.m; sourceTree = "<group>"; };
		72FDB574152E96B500CF34DE /* CartViewController.xib */ = {isa = PBXFileReference; fileEncoding = 4; lastKnownFileType = file.xib; path = CartViewController.xib; sourceTree = "<group>"; };
		72FDB57B152EA95E00CF34DE /* CartCell.xib */ = {isa = PBXFileReference; fileEncoding = 4; lastKnownFileType = file.xib; path = CartCell.xib; sourceTree = "<group>"; };
		72FDB57D152EAAB700CF34DE /* CartCell.h */ = {isa = PBXFileReference; fileEncoding = 4; lastKnownFileType = sourcecode.c.h; path = CartCell.h; sourceTree = "<group>"; };
		72FDB57E152EAAB800CF34DE /* CartCell.m */ = {isa = PBXFileReference; fileEncoding = 4; lastKnownFileType = sourcecode.c.objc; path = CartCell.m; sourceTree = "<group>"; };
/* End PBXFileReference section */

/* Begin PBXFrameworksBuildPhase section */
		7224BCC8152AA25A00707C3A /* Frameworks */ = {
			isa = PBXFrameworksBuildPhase;
			buildActionMask = 2147483647;
			files = (
				72B10A8E152F3BAF0010D14D /* CoreData.framework in Frameworks */,
				72FDB563152E469300CF34DE /* CoreLocation.framework in Frameworks */,
				7224BCD0152AA25A00707C3A /* UIKit.framework in Frameworks */,
				7224BCD2152AA25A00707C3A /* Foundation.framework in Frameworks */,
				7224BCD4152AA25A00707C3A /* CoreGraphics.framework in Frameworks */,
			);
			runOnlyForDeploymentPostprocessing = 0;
		};
/* End PBXFrameworksBuildPhase section */

/* Begin PBXGroup section */
		7224BCC0152AA25A00707C3A = {
			isa = PBXGroup;
			children = (
				7224BCD5152AA25A00707C3A /* BallParkDelivery */,
				7224BCCE152AA25A00707C3A /* Frameworks */,
				7224BCCC152AA25A00707C3A /* Products */,
			);
			sourceTree = "<group>";
		};
		7224BCCC152AA25A00707C3A /* Products */ = {
			isa = PBXGroup;
			children = (
				7224BCCB152AA25A00707C3A /* BallParkDelivery.app */,
			);
			name = Products;
			sourceTree = "<group>";
		};
		7224BCCE152AA25A00707C3A /* Frameworks */ = {
			isa = PBXGroup;
			children = (
				72B10A8D152F3BAF0010D14D /* CoreData.framework */,
				72FDB562152E469300CF34DE /* CoreLocation.framework */,
				7224BCCF152AA25A00707C3A /* UIKit.framework */,
				7224BCD1152AA25A00707C3A /* Foundation.framework */,
				7224BCD3152AA25A00707C3A /* CoreGraphics.framework */,
			);
			name = Frameworks;
			sourceTree = "<group>";
		};
		7224BCD5152AA25A00707C3A /* BallParkDelivery */ = {
			isa = PBXGroup;
			children = (
				72B10A97152F708D0010D14D /* Images */,
				7224BCF9152AAA7F00707C3A /* JSON */,
				7224BCDE152AA25A00707C3A /* AppDelegate.h */,
				7224BCDF152AA25A00707C3A /* AppDelegate.m */,
				7224BCF2152AA33A00707C3A /* Model.h */,
				7224BCF3152AA33A00707C3A /* Model.m */,
				72FDB56C152E848B00CF34DE /* Order.h */,
				72FDB56D152E848B00CF34DE /* Order.m */,
				72FDB56F152E84AB00CF34DE /* Cart.h */,
				72FDB570152E84AC00CF34DE /* Cart.m */,
				7231660A152F727B00C997B9 /* ShoppingCart.h */,
				7231660B152F727B00C997B9 /* ShoppingCart.m */,
				72FDB564152E4A9800CF34DE /* AlertViewWithIndicator.h */,
				72FDB565152E4A9800CF34DE /* AlertViewWithIndicator.m */,
				72FDB55E152E3D0600CF34DE /* LocationViewController.h */,
				72FDB55F152E3D0600CF34DE /* LocationViewController.m */,
				72FDB569152E75F100CF34DE /* CustomCell.h */,
				72FDB56A152E75F100CF34DE /* CustomCell.m */,
				72FDB57D152EAAB700CF34DE /* CartCell.h */,
				72FDB57E152EAAB800CF34DE /* CartCell.m */,
				723094CE152B507F00C3CDD8 /* StadiumViewController.h */,
				723094CF152B507F00C3CDD8 /* StadiumViewController.m */,
				7224BCE1152AA25A00707C3A /* RestaurantViewController.h */,
				7224BCE2152AA25A00707C3A /* RestaurantViewController.m */,
				7224BD0A152ABB3400707C3A /* MenuViewController.h */,
				7224BD0B152ABB3400707C3A /* MenuViewController.m */,
				7224BCE4152AA25A00707C3A /* DetailViewController.h */,
				7224BCE5152AA25A00707C3A /* DetailViewController.m */,
				723094DC152B7E0E00C3CDD8 /* ExtrasViewController.h */,
				723094DD152B7E0E00C3CDD8 /* ExtrasViewController.m */,
				72FDB572152E96B400CF34DE /* CartViewController.h */,
				72FDB573152E96B400CF34DE /* CartViewController.m */,
				723094D0152B507F00C3CDD8 /* StadiumViewController.xib */,
				7224BCE7152AA25A00707C3A /* RestaurantViewController.xib */,
				7224BCEA152AA25A00707C3A /* DetailViewController.xib */,
				7224BD0C152ABB3400707C3A /* MenuViewController.xib */,
				723094DE152B7E0E00C3CDD8 /* ExtrasViewController.xib */,
				72FDB574152E96B500CF34DE /* CartViewController.xib */,
				72FDB57B152EA95E00CF34DE /* CartCell.xib */,
				72B10A9D152F715E0010D14D /* ShoppingCart.xib */,
				72B10A8A152F3AD50010D14D /* Images.xcdatamodeld */,
				7224BCD6152AA25A00707C3A /* Supporting Files */,
			);
			path = BallParkDelivery;
			sourceTree = "<group>";
		};
		7224BCD6152AA25A00707C3A /* Supporting Files */ = {
			isa = PBXGroup;
			children = (
				7224BCD7152AA25A00707C3A /* BallParkDelivery-Info.plist */,
				7224BCD8152AA25A00707C3A /* InfoPlist.strings */,
				7224BCDB152AA25A00707C3A /* main.m */,
				7224BCDD152AA25A00707C3A /* BallParkDelivery-Prefix.pch */,
			);
			name = "Supporting Files";
			sourceTree = "<group>";
		};
		7224BCF9152AAA7F00707C3A /* JSON */ = {
			isa = PBXGroup;
			children = (
				7224BCFA152AAA7F00707C3A /* CDataScanner.h */,
				7224BCFB152AAA7F00707C3A /* CDataScanner.m */,
				7224BCFC152AAA7F00707C3A /* CDataScanner_Extensions.h */,
				7224BCFD152AAA7F00707C3A /* CDataScanner_Extensions.m */,
				7224BCFE152AAA7F00707C3A /* CJSONDeserializer.h */,
				7224BCFF152AAA7F00707C3A /* CJSONDeserializer.m */,
				7224BD00152AAA7F00707C3A /* CJSONScanner.h */,
				7224BD01152AAA7F00707C3A /* CJSONScanner.m */,
				7224BD02152AAA7F00707C3A /* CJSONSerializer.h */,
				7224BD03152AAA7F00707C3A /* CJSONSerializer.m */,
				7224BD04152AAA7F00707C3A /* JSONRepresentation.h */,
			);
			path = JSON;
			sourceTree = "<group>";
		};
		72B10A97152F708D0010D14D /* Images */ = {
			isa = PBXGroup;
			children = (
				72B10A99152F709D0010D14D /* shoppingcart.png */,
			);
			name = Images;
			sourceTree = "<group>";
		};
/* End PBXGroup section */

/* Begin PBXNativeTarget section */
		7224BCCA152AA25A00707C3A /* BallParkDelivery */ = {
			isa = PBXNativeTarget;
			buildConfigurationList = 7224BCEF152AA25A00707C3A /* Build configuration list for PBXNativeTarget "BallParkDelivery" */;
			buildPhases = (
				7224BCC7152AA25A00707C3A /* Sources */,
				7224BCC8152AA25A00707C3A /* Frameworks */,
				7224BCC9152AA25A00707C3A /* Resources */,
			);
			buildRules = (
			);
			dependencies = (
			);
			name = BallParkDelivery;
			productName = BallParkDelivery;
			productReference = 7224BCCB152AA25A00707C3A /* BallParkDelivery.app */;
			productType = "com.apple.product-type.application";
		};
/* End PBXNativeTarget section */

/* Begin PBXProject section */
		7224BCC2152AA25A00707C3A /* Project object */ = {
			isa = PBXProject;
			attributes = {
				LastUpgradeCheck = 0420;
				ORGANIZATIONNAME = "Bradley University";
			};
			buildConfigurationList = 7224BCC5152AA25A00707C3A /* Build configuration list for PBXProject "BallParkDelivery" */;
			compatibilityVersion = "Xcode 3.2";
			developmentRegion = English;
			hasScannedForEncodings = 0;
			knownRegions = (
				en,
			);
			mainGroup = 7224BCC0152AA25A00707C3A;
			productRefGroup = 7224BCCC152AA25A00707C3A /* Products */;
			projectDirPath = "";
			projectRoot = "";
			targets = (
				7224BCCA152AA25A00707C3A /* BallParkDelivery */,
			);
		};
/* End PBXProject section */

/* Begin PBXResourcesBuildPhase section */
		7224BCC9152AA25A00707C3A /* Resources */ = {
			isa = PBXResourcesBuildPhase;
			buildActionMask = 2147483647;
			files = (
				7224BCDA152AA25A00707C3A /* InfoPlist.strings in Resources */,
				7224BCE9152AA25A00707C3A /* RestaurantViewController.xib in Resources */,
				7224BCEC152AA25A00707C3A /* DetailViewController.xib in Resources */,
				7224BD0E152ABB3400707C3A /* MenuViewController.xib in Resources */,
				723094D2152B507F00C3CDD8 /* StadiumViewController.xib in Resources */,
				723094E0152B7E0E00C3CDD8 /* ExtrasViewController.xib in Resources */,
				72FDB576152E96B600CF34DE /* CartViewController.xib in Resources */,
				72FDB57C152EA95E00CF34DE /* CartCell.xib in Resources */,
				72B10A9A152F709D0010D14D /* shoppingcart.png in Resources */,
				72B10A9E152F715E0010D14D /* ShoppingCart.xib in Resources */,
			);
			runOnlyForDeploymentPostprocessing = 0;
		};
/* End PBXResourcesBuildPhase section */

/* Begin PBXSourcesBuildPhase section */
		7224BCC7152AA25A00707C3A /* Sources */ = {
			isa = PBXSourcesBuildPhase;
			buildActionMask = 2147483647;
			files = (
				7224BCDC152AA25A00707C3A /* main.m in Sources */,
				7224BCE0152AA25A00707C3A /* AppDelegate.m in Sources */,
				7224BCE3152AA25A00707C3A /* RestaurantViewController.m in Sources */,
				7224BCE6152AA25A00707C3A /* DetailViewController.m in Sources */,
				7224BCF4152AA33A00707C3A /* Model.m in Sources */,
				7224BD05152AAA7F00707C3A /* CDataScanner.m in Sources */,
				7224BD06152AAA7F00707C3A /* CDataScanner_Extensions.m in Sources */,
				7224BD07152AAA7F00707C3A /* CJSONDeserializer.m in Sources */,
				7224BD08152AAA7F00707C3A /* CJSONScanner.m in Sources */,
				7224BD09152AAA7F00707C3A /* CJSONSerializer.m in Sources */,
				7224BD0D152ABB3400707C3A /* MenuViewController.m in Sources */,
				723094D1152B507F00C3CDD8 /* StadiumViewController.m in Sources */,
				723094DF152B7E0E00C3CDD8 /* ExtrasViewController.m in Sources */,
				72FDB560152E3D0600CF34DE /* LocationViewController.m in Sources */,
				72FDB566152E4A9800CF34DE /* AlertViewWithIndicator.m in Sources */,
				72FDB56B152E75F200CF34DE /* CustomCell.m in Sources */,
				72FDB56E152E848B00CF34DE /* Order.m in Sources */,
				72FDB571152E84AC00CF34DE /* Cart.m in Sources */,
				72FDB575152E96B600CF34DE /* CartViewController.m in Sources */,
				72FDB57F152EAAB900CF34DE /* CartCell.m in Sources */,
				72B10A8C152F3AD50010D14D /* Images.xcdatamodeld in Sources */,
				7231660C152F727B00C997B9 /* ShoppingCart.m in Sources */,
			);
			runOnlyForDeploymentPostprocessing = 0;
		};
/* End PBXSourcesBuildPhase section */

/* Begin PBXVariantGroup section */
		7224BCD8152AA25A00707C3A /* InfoPlist.strings */ = {
			isa = PBXVariantGroup;
			children = (
				7224BCD9152AA25A00707C3A /* en */,
			);
			name = InfoPlist.strings;
			sourceTree = "<group>";
		};
		7224BCE7152AA25A00707C3A /* RestaurantViewController.xib */ = {
			isa = PBXVariantGroup;
			children = (
				7224BCE8152AA25A00707C3A /* en */,
			);
			name = RestaurantViewController.xib;
			sourceTree = "<group>";
		};
		7224BCEA152AA25A00707C3A /* DetailViewController.xib */ = {
			isa = PBXVariantGroup;
			children = (
				7224BCEB152AA25A00707C3A /* en */,
			);
			name = DetailViewController.xib;
			sourceTree = "<group>";
		};
/* End PBXVariantGroup section */

/* Begin XCBuildConfiguration section */
		7224BCED152AA25A00707C3A /* Debug */ = {
			isa = XCBuildConfiguration;
			buildSettings = {
				ALWAYS_SEARCH_USER_PATHS = NO;
				ARCHS = "$(ARCHS_STANDARD_32_BIT)";
				CLANG_ENABLE_OBJC_ARC = YES;
				"CODE_SIGN_IDENTITY[sdk=iphoneos*]" = "iPhone Developer";
				COPY_PHASE_STRIP = NO;
				GCC_C_LANGUAGE_STANDARD = gnu99;
				GCC_DYNAMIC_NO_PIC = NO;
				GCC_OPTIMIZATION_LEVEL = 0;
				GCC_PREPROCESSOR_DEFINITIONS = (
					"DEBUG=1",
					"$(inherited)",
				);
				GCC_SYMBOLS_PRIVATE_EXTERN = NO;
				GCC_VERSION = com.apple.compilers.llvm.clang.1_0;
				GCC_WARN_ABOUT_MISSING_PROTOTYPES = YES;
				GCC_WARN_ABOUT_RETURN_TYPE = YES;
				GCC_WARN_UNUSED_VARIABLE = YES;
				IPHONEOS_DEPLOYMENT_TARGET = 5.0;
				SDKROOT = iphoneos;
			};
			name = Debug;
		};
		7224BCEE152AA25A00707C3A /* Release */ = {
			isa = XCBuildConfiguration;
			buildSettings = {
				ALWAYS_SEARCH_USER_PATHS = NO;
				ARCHS = "$(ARCHS_STANDARD_32_BIT)";
				CLANG_ENABLE_OBJC_ARC = YES;
				"CODE_SIGN_IDENTITY[sdk=iphoneos*]" = "iPhone Developer";
				COPY_PHASE_STRIP = YES;
				GCC_C_LANGUAGE_STANDARD = gnu99;
				GCC_VERSION = com.apple.compilers.llvm.clang.1_0;
				GCC_WARN_ABOUT_MISSING_PROTOTYPES = YES;
				GCC_WARN_ABOUT_RETURN_TYPE = YES;
				GCC_WARN_UNUSED_VARIABLE = YES;
				IPHONEOS_DEPLOYMENT_TARGET = 5.0;
				OTHER_CFLAGS = "-DNS_BLOCK_ASSERTIONS=1";
				SDKROOT = iphoneos;
				VALIDATE_PRODUCT = YES;
			};
			name = Release;
		};
		7224BCF0152AA25A00707C3A /* Debug */ = {
			isa = XCBuildConfiguration;
			buildSettings = {
				GCC_PRECOMPILE_PREFIX_HEADER = YES;
				GCC_PREFIX_HEADER = "BallParkDelivery/BallParkDelivery-Prefix.pch";
				INFOPLIST_FILE = "BallParkDelivery/BallParkDelivery-Info.plist";
				PRODUCT_NAME = "$(TARGET_NAME)";
				WRAPPER_EXTENSION = app;
			};
			name = Debug;
		};
		7224BCF1152AA25A00707C3A /* Release */ = {
			isa = XCBuildConfiguration;
			buildSettings = {
				GCC_PRECOMPILE_PREFIX_HEADER = YES;
				GCC_PREFIX_HEADER = "BallParkDelivery/BallParkDelivery-Prefix.pch";
				INFOPLIST_FILE = "BallParkDelivery/BallParkDelivery-Info.plist";
				PRODUCT_NAME = "$(TARGET_NAME)";
				WRAPPER_EXTENSION = app;
			};
			name = Release;
		};
/* End XCBuildConfiguration section */

/* Begin XCConfigurationList section */
		7224BCC5152AA25A00707C3A /* Build configuration list for PBXProject "BallParkDelivery" */ = {
			isa = XCConfigurationList;
			buildConfigurations = (
				7224BCED152AA25A00707C3A /* Debug */,
				7224BCEE152AA25A00707C3A /* Release */,
			);
			defaultConfigurationIsVisible = 0;
			defaultConfigurationName = Release;
		};
		7224BCEF152AA25A00707C3A /* Build configuration list for PBXNativeTarget "BallParkDelivery" */ = {
			isa = XCConfigurationList;
			buildConfigurations = (
				7224BCF0152AA25A00707C3A /* Debug */,
				7224BCF1152AA25A00707C3A /* Release */,
			);
			defaultConfigurationIsVisible = 0;
			defaultConfigurationName = Release;
		};
/* End XCConfigurationList section */

/* Begin XCVersionGroup section */
		72B10A8A152F3AD50010D14D /* Images.xcdatamodeld */ = {
			isa = XCVersionGroup;
			children = (
				72B10A8B152F3AD50010D14D /* Images.xcdatamodel */,
			);
			currentVersion = 72B10A8B152F3AD50010D14D /* Images.xcdatamodel */;
			name = Images.xcdatamodeld;
			path = ../Images.xcdatamodeld;
			sourceTree = "<group>";
			versionGroupType = wrapper.xcdatamodel;
		};
/* End XCVersionGroup section */
	};
	rootObject = 7224BCC2152AA25A00707C3A /* Project object */;
}
