// !$*UTF8*$!
{
	archiveVersion = 1;
	classes = {
	};
	objectVersion = 46;
	objects = {

/* Begin PBXBuildFile section */
		7202CC0E14EAE46900B12012 /* UIKit.framework in Frameworks */ = {isa = PBXBuildFile; fileRef = 7202CC0D14EAE46900B12012 /* UIKit.framework */; };
		7202CC1014EAE46900B12012 /* Foundation.framework in Frameworks */ = {isa = PBXBuildFile; fileRef = 7202CC0F14EAE46900B12012 /* Foundation.framework */; };
		7202CC1214EAE46900B12012 /* CoreGraphics.framework in Frameworks */ = {isa = PBXBuildFile; fileRef = 7202CC1114EAE46900B12012 /* CoreGraphics.framework */; };
		7202CC1814EAE46900B12012 /* InfoPlist.strings in Resources */ = {isa = PBXBuildFile; fileRef = 7202CC1614EAE46900B12012 /* InfoPlist.strings */; };
		7202CC1A14EAE46900B12012 /* main.m in Sources */ = {isa = PBXBuildFile; fileRef = 7202CC1914EAE46900B12012 /* main.m */; };
		7202CC1E14EAE46900B12012 /* AppDelegate.m in Sources */ = {isa = PBXBuildFile; fileRef = 7202CC1D14EAE46900B12012 /* AppDelegate.m */; };
		7202CC2114EAE46900B12012 /* MasterViewController.m in Sources */ = {isa = PBXBuildFile; fileRef = 7202CC2014EAE46900B12012 /* MasterViewController.m */; };
		7202CC2414EAE46900B12012 /* DetailViewController.m in Sources */ = {isa = PBXBuildFile; fileRef = 7202CC2314EAE46900B12012 /* DetailViewController.m */; };
		7202CC2714EAE46900B12012 /* MasterViewController.xib in Resources */ = {isa = PBXBuildFile; fileRef = 7202CC2514EAE46900B12012 /* MasterViewController.xib */; };
		7220D95B15068F610013DFD5 /* restaurants.plist in Resources */ = {isa = PBXBuildFile; fileRef = 7220D95A15068F610013DFD5 /* restaurants.plist */; };
		722EF3C3150C3330005C2F70 /* CDataScanner.m in Sources */ = {isa = PBXBuildFile; fileRef = 722EF3B7150C332F005C2F70 /* CDataScanner.m */; };
		722EF3C4150C3330005C2F70 /* CDataScanner_Extensions.m in Sources */ = {isa = PBXBuildFile; fileRef = 722EF3B9150C332F005C2F70 /* CDataScanner_Extensions.m */; };
		722EF3C5150C3330005C2F70 /* CJSONDeserializer.m in Sources */ = {isa = PBXBuildFile; fileRef = 722EF3BB150C332F005C2F70 /* CJSONDeserializer.m */; };
		722EF3C6150C3330005C2F70 /* CJSONScanner.m in Sources */ = {isa = PBXBuildFile; fileRef = 722EF3BD150C3330005C2F70 /* CJSONScanner.m */; };
		722EF3C7150C3330005C2F70 /* CJSONSerializer.m in Sources */ = {isa = PBXBuildFile; fileRef = 722EF3BF150C3330005C2F70 /* CJSONSerializer.m */; };
		722EF3C8150C3330005C2F70 /* NSDictionary_JSONExtensions.m in Sources */ = {isa = PBXBuildFile; fileRef = 722EF3C2150C3330005C2F70 /* NSDictionary_JSONExtensions.m */; };
		726782B614EAE980007FED82 /* DetailViewController.xib in Resources */ = {isa = PBXBuildFile; fileRef = 726782B514EAE980007FED82 /* DetailViewController.xib */; };
		726782BA14EAFC6C007FED82 /* OrderPageController.m in Sources */ = {isa = PBXBuildFile; fileRef = 726782B814EAFC6C007FED82 /* OrderPageController.m */; };
		726782BB14EAFC6C007FED82 /* OrderPageController.xib in Resources */ = {isa = PBXBuildFile; fileRef = 726782B914EAFC6C007FED82 /* OrderPageController.xib */; };
		726782C114EAFDFE007FED82 /* als.jpg in Resources */ = {isa = PBXBuildFile; fileRef = 726782BD14EAFDFE007FED82 /* als.jpg */; };
		726782C214EAFDFE007FED82 /* dougs.jpg in Resources */ = {isa = PBXBuildFile; fileRef = 726782BE14EAFDFE007FED82 /* dougs.jpg */; };
		726782C314EAFDFE007FED82 /* ginos.png in Resources */ = {isa = PBXBuildFile; fileRef = 726782BF14EAFDFE007FED82 /* ginos.png */; };
		726782C414EAFDFE007FED82 /* khans.png in Resources */ = {isa = PBXBuildFile; fileRef = 726782C014EAFDFE007FED82 /* khans.png */; };
/* End PBXBuildFile section */

/* Begin PBXFileReference section */
		7202CC0914EAE46900B12012 /* BallParkTest.app */ = {isa = PBXFileReference; explicitFileType = wrapper.application; includeInIndex = 0; path = BallParkTest.app; sourceTree = BUILT_PRODUCTS_DIR; };
		7202CC0D14EAE46900B12012 /* UIKit.framework */ = {isa = PBXFileReference; lastKnownFileType = wrapper.framework; name = UIKit.framework; path = System/Library/Frameworks/UIKit.framework; sourceTree = SDKROOT; };
		7202CC0F14EAE46900B12012 /* Foundation.framework */ = {isa = PBXFileReference; lastKnownFileType = wrapper.framework; name = Foundation.framework; path = System/Library/Frameworks/Foundation.framework; sourceTree = SDKROOT; };
		7202CC1114EAE46900B12012 /* CoreGraphics.framework */ = {isa = PBXFileReference; lastKnownFileType = wrapper.framework; name = CoreGraphics.framework; path = System/Library/Frameworks/CoreGraphics.framework; sourceTree = SDKROOT; };
		7202CC1514EAE46900B12012 /* BallParkTest-Info.plist */ = {isa = PBXFileReference; lastKnownFileType = text.plist.xml; path = "BallParkTest-Info.plist"; sourceTree = "<group>"; };
		7202CC1714EAE46900B12012 /* en */ = {isa = PBXFileReference; lastKnownFileType = text.plist.strings; name = en; path = en.lproj/InfoPlist.strings; sourceTree = "<group>"; };
		7202CC1914EAE46900B12012 /* main.m */ = {isa = PBXFileReference; lastKnownFileType = sourcecode.c.objc; path = main.m; sourceTree = "<group>"; };
		7202CC1B14EAE46900B12012 /* BallParkTest-Prefix.pch */ = {isa = PBXFileReference; lastKnownFileType = sourcecode.c.h; path = "BallParkTest-Prefix.pch"; sourceTree = "<group>"; };
		7202CC1C14EAE46900B12012 /* AppDelegate.h */ = {isa = PBXFileReference; lastKnownFileType = sourcecode.c.h; path = AppDelegate.h; sourceTree = "<group>"; };
		7202CC1D14EAE46900B12012 /* AppDelegate.m */ = {isa = PBXFileReference; lastKnownFileType = sourcecode.c.objc; path = AppDelegate.m; sourceTree = "<group>"; };
		7202CC1F14EAE46900B12012 /* MasterViewController.h */ = {isa = PBXFileReference; lastKnownFileType = sourcecode.c.h; path = MasterViewController.h; sourceTree = "<group>"; };
		7202CC2014EAE46900B12012 /* MasterViewController.m */ = {isa = PBXFileReference; lastKnownFileType = sourcecode.c.objc; path = MasterViewController.m; sourceTree = "<group>"; };
		7202CC2214EAE46900B12012 /* DetailViewController.h */ = {isa = PBXFileReference; lastKnownFileType = sourcecode.c.h; path = DetailViewController.h; sourceTree = "<group>"; };
		7202CC2314EAE46900B12012 /* DetailViewController.m */ = {isa = PBXFileReference; lastKnownFileType = sourcecode.c.objc; path = DetailViewController.m; sourceTree = "<group>"; };
		7202CC2614EAE46900B12012 /* en */ = {isa = PBXFileReference; lastKnownFileType = file.xib; name = en; path = en.lproj/MasterViewController.xib; sourceTree = "<group>"; };
		7220D95A15068F610013DFD5 /* restaurants.plist */ = {isa = PBXFileReference; fileEncoding = 4; lastKnownFileType = text.plist.xml; path = restaurants.plist; sourceTree = "<group>"; };
		722EF3B6150C332F005C2F70 /* CDataScanner.h */ = {isa = PBXFileReference; fileEncoding = 4; lastKnownFileType = sourcecode.c.h; path = CDataScanner.h; sourceTree = "<group>"; };
		722EF3B7150C332F005C2F70 /* CDataScanner.m */ = {isa = PBXFileReference; fileEncoding = 4; lastKnownFileType = sourcecode.c.objc; path = CDataScanner.m; sourceTree = "<group>"; };
		722EF3B8150C332F005C2F70 /* CDataScanner_Extensions.h */ = {isa = PBXFileReference; fileEncoding = 4; lastKnownFileType = sourcecode.c.h; path = CDataScanner_Extensions.h; sourceTree = "<group>"; };
		722EF3B9150C332F005C2F70 /* CDataScanner_Extensions.m */ = {isa = PBXFileReference; fileEncoding = 4; lastKnownFileType = sourcecode.c.objc; path = CDataScanner_Extensions.m; sourceTree = "<group>"; };
		722EF3BA150C332F005C2F70 /* CJSONDeserializer.h */ = {isa = PBXFileReference; fileEncoding = 4; lastKnownFileType = sourcecode.c.h; path = CJSONDeserializer.h; sourceTree = "<group>"; };
		722EF3BB150C332F005C2F70 /* CJSONDeserializer.m */ = {isa = PBXFileReference; fileEncoding = 4; lastKnownFileType = sourcecode.c.objc; path = CJSONDeserializer.m; sourceTree = "<group>"; };
		722EF3BC150C332F005C2F70 /* CJSONScanner.h */ = {isa = PBXFileReference; fileEncoding = 4; lastKnownFileType = sourcecode.c.h; path = CJSONScanner.h; sourceTree = "<group>"; };
		722EF3BD150C3330005C2F70 /* CJSONScanner.m */ = {isa = PBXFileReference; fileEncoding = 4; lastKnownFileType = sourcecode.c.objc; path = CJSONScanner.m; sourceTree = "<group>"; };
		722EF3BE150C3330005C2F70 /* CJSONSerializer.h */ = {isa = PBXFileReference; fileEncoding = 4; lastKnownFileType = sourcecode.c.h; path = CJSONSerializer.h; sourceTree = "<group>"; };
		722EF3BF150C3330005C2F70 /* CJSONSerializer.m */ = {isa = PBXFileReference; fileEncoding = 4; lastKnownFileType = sourcecode.c.objc; path = CJSONSerializer.m; sourceTree = "<group>"; };
		722EF3C0150C3330005C2F70 /* JSONRepresentation.h */ = {isa = PBXFileReference; fileEncoding = 4; lastKnownFileType = sourcecode.c.h; path = JSONRepresentation.h; sourceTree = "<group>"; };
		722EF3C1150C3330005C2F70 /* NSDictionary_JSONExtensions.h */ = {isa = PBXFileReference; fileEncoding = 4; lastKnownFileType = sourcecode.c.h; path = NSDictionary_JSONExtensions.h; sourceTree = "<group>"; };
		722EF3C2150C3330005C2F70 /* NSDictionary_JSONExtensions.m */ = {isa = PBXFileReference; fileEncoding = 4; lastKnownFileType = sourcecode.c.objc; path = NSDictionary_JSONExtensions.m; sourceTree = "<group>"; };
		726782B514EAE980007FED82 /* DetailViewController.xib */ = {isa = PBXFileReference; fileEncoding = 4; lastKnownFileType = file.xib; path = DetailViewController.xib; sourceTree = "<group>"; };
		726782B714EAFC6C007FED82 /* OrderPageController.h */ = {isa = PBXFileReference; fileEncoding = 4; lastKnownFileType = sourcecode.c.h; path = OrderPageController.h; sourceTree = "<group>"; };
		726782B814EAFC6C007FED82 /* OrderPageController.m */ = {isa = PBXFileReference; fileEncoding = 4; lastKnownFileType = sourcecode.c.objc; path = OrderPageController.m; sourceTree = "<group>"; };
		726782B914EAFC6C007FED82 /* OrderPageController.xib */ = {isa = PBXFileReference; fileEncoding = 4; lastKnownFileType = file.xib; path = OrderPageController.xib; sourceTree = "<group>"; };
		726782BD14EAFDFE007FED82 /* als.jpg */ = {isa = PBXFileReference; lastKnownFileType = image.jpeg; name = als.jpg; path = en.lproj/Images/als.jpg; sourceTree = "<group>"; };
		726782BE14EAFDFE007FED82 /* dougs.jpg */ = {isa = PBXFileReference; lastKnownFileType = image.jpeg; name = dougs.jpg; path = en.lproj/Images/dougs.jpg; sourceTree = "<group>"; };
		726782BF14EAFDFE007FED82 /* ginos.png */ = {isa = PBXFileReference; lastKnownFileType = image.png; name = ginos.png; path = en.lproj/Images/ginos.png; sourceTree = "<group>"; };
		726782C014EAFDFE007FED82 /* khans.png */ = {isa = PBXFileReference; lastKnownFileType = image.png; name = khans.png; path = en.lproj/Images/khans.png; sourceTree = "<group>"; };
/* End PBXFileReference section */

/* Begin PBXFrameworksBuildPhase section */
		7202CC0614EAE46900B12012 /* Frameworks */ = {
			isa = PBXFrameworksBuildPhase;
			buildActionMask = 2147483647;
			files = (
				7202CC0E14EAE46900B12012 /* UIKit.framework in Frameworks */,
				7202CC1014EAE46900B12012 /* Foundation.framework in Frameworks */,
				7202CC1214EAE46900B12012 /* CoreGraphics.framework in Frameworks */,
			);
			runOnlyForDeploymentPostprocessing = 0;
		};
/* End PBXFrameworksBuildPhase section */

/* Begin PBXGroup section */
		7202CBFE14EAE46800B12012 = {
			isa = PBXGroup;
			children = (
				7202CC1314EAE46900B12012 /* BallParkTest */,
				7220D95915068EC90013DFD5 /* Resources */,
				7202CC0C14EAE46900B12012 /* Frameworks */,
				7202CC0A14EAE46900B12012 /* Products */,
			);
			sourceTree = "<group>";
		};
		7202CC0A14EAE46900B12012 /* Products */ = {
			isa = PBXGroup;
			children = (
				7202CC0914EAE46900B12012 /* BallParkTest.app */,
			);
			name = Products;
			sourceTree = "<group>";
		};
		7202CC0C14EAE46900B12012 /* Frameworks */ = {
			isa = PBXGroup;
			children = (
				7202CC0D14EAE46900B12012 /* UIKit.framework */,
				7202CC0F14EAE46900B12012 /* Foundation.framework */,
				7202CC1114EAE46900B12012 /* CoreGraphics.framework */,
			);
			name = Frameworks;
			sourceTree = "<group>";
		};
		7202CC1314EAE46900B12012 /* BallParkTest */ = {
			isa = PBXGroup;
			children = (
				722EF3B3150C32FD005C2F70 /* External Frameworks */,
				7202CC1C14EAE46900B12012 /* AppDelegate.h */,
				7202CC1D14EAE46900B12012 /* AppDelegate.m */,
				7202CC1F14EAE46900B12012 /* MasterViewController.h */,
				7202CC2014EAE46900B12012 /* MasterViewController.m */,
				7202CC2214EAE46900B12012 /* DetailViewController.h */,
				7202CC2314EAE46900B12012 /* DetailViewController.m */,
				726782B714EAFC6C007FED82 /* OrderPageController.h */,
				726782B814EAFC6C007FED82 /* OrderPageController.m */,
				726782B914EAFC6C007FED82 /* OrderPageController.xib */,
				7202CC2514EAE46900B12012 /* MasterViewController.xib */,
				726782B514EAE980007FED82 /* DetailViewController.xib */,
				7202CC1414EAE46900B12012 /* Supporting Files */,
			);
			path = BallParkTest;
			sourceTree = "<group>";
		};
		7202CC1414EAE46900B12012 /* Supporting Files */ = {
			isa = PBXGroup;
			children = (
				726782BC14EAFDE7007FED82 /* Images */,
				7202CC1514EAE46900B12012 /* BallParkTest-Info.plist */,
				7202CC1614EAE46900B12012 /* InfoPlist.strings */,
				7202CC1914EAE46900B12012 /* main.m */,
				7202CC1B14EAE46900B12012 /* BallParkTest-Prefix.pch */,
			);
			name = "Supporting Files";
			sourceTree = "<group>";
		};
		7220D95915068EC90013DFD5 /* Resources */ = {
			isa = PBXGroup;
			children = (
				7220D95A15068F610013DFD5 /* restaurants.plist */,
			);
			name = Resources;
			path = BallParkTest;
			sourceTree = "<group>";
		};
		722EF3B3150C32FD005C2F70 /* External Frameworks */ = {
			isa = PBXGroup;
			children = (
				722EF3B5150C332F005C2F70 /* JSON */,
			);
			name = "External Frameworks";
			sourceTree = "<group>";
		};
		722EF3B5150C332F005C2F70 /* JSON */ = {
			isa = PBXGroup;
			children = (
				722EF3B6150C332F005C2F70 /* CDataScanner.h */,
				722EF3B7150C332F005C2F70 /* CDataScanner.m */,
				722EF3B8150C332F005C2F70 /* CDataScanner_Extensions.h */,
				722EF3B9150C332F005C2F70 /* CDataScanner_Extensions.m */,
				722EF3BA150C332F005C2F70 /* CJSONDeserializer.h */,
				722EF3BB150C332F005C2F70 /* CJSONDeserializer.m */,
				722EF3BC150C332F005C2F70 /* CJSONScanner.h */,
				722EF3BD150C3330005C2F70 /* CJSONScanner.m */,
				722EF3BE150C3330005C2F70 /* CJSONSerializer.h */,
				722EF3BF150C3330005C2F70 /* CJSONSerializer.m */,
				722EF3C0150C3330005C2F70 /* JSONRepresentation.h */,
				722EF3C1150C3330005C2F70 /* NSDictionary_JSONExtensions.h */,
				722EF3C2150C3330005C2F70 /* NSDictionary_JSONExtensions.m */,
			);
			path = JSON;
			sourceTree = "<group>";
		};
		726782BC14EAFDE7007FED82 /* Images */ = {
			isa = PBXGroup;
			children = (
				726782BD14EAFDFE007FED82 /* als.jpg */,
				726782BE14EAFDFE007FED82 /* dougs.jpg */,
				726782BF14EAFDFE007FED82 /* ginos.png */,
				726782C014EAFDFE007FED82 /* khans.png */,
			);
			name = Images;
			sourceTree = "<group>";
		};
/* End PBXGroup section */

/* Begin PBXNativeTarget section */
		7202CC0814EAE46900B12012 /* BallParkTest */ = {
			isa = PBXNativeTarget;
			buildConfigurationList = 7202CC2D14EAE46900B12012 /* Build configuration list for PBXNativeTarget "BallParkTest" */;
			buildPhases = (
				7202CC0514EAE46900B12012 /* Sources */,
				7202CC0614EAE46900B12012 /* Frameworks */,
				7202CC0714EAE46900B12012 /* Resources */,
			);
			buildRules = (
			);
			dependencies = (
			);
			name = BallParkTest;
			productName = BallParkTest;
			productReference = 7202CC0914EAE46900B12012 /* BallParkTest.app */;
			productType = "com.apple.product-type.application";
		};
/* End PBXNativeTarget section */

/* Begin PBXProject section */
		7202CC0014EAE46800B12012 /* Project object */ = {
			isa = PBXProject;
			attributes = {
				LastUpgradeCheck = 0420;
				ORGANIZATIONNAME = "Bradley University";
			};
			buildConfigurationList = 7202CC0314EAE46800B12012 /* Build configuration list for PBXProject "BallParkTest" */;
			compatibilityVersion = "Xcode 3.2";
			developmentRegion = English;
			hasScannedForEncodings = 0;
			knownRegions = (
				en,
			);
			mainGroup = 7202CBFE14EAE46800B12012;
			productRefGroup = 7202CC0A14EAE46900B12012 /* Products */;
			projectDirPath = "";
			projectRoot = "";
			targets = (
				7202CC0814EAE46900B12012 /* BallParkTest */,
			);
		};
/* End PBXProject section */

/* Begin PBXResourcesBuildPhase section */
		7202CC0714EAE46900B12012 /* Resources */ = {
			isa = PBXResourcesBuildPhase;
			buildActionMask = 2147483647;
			files = (
				7202CC1814EAE46900B12012 /* InfoPlist.strings in Resources */,
				7202CC2714EAE46900B12012 /* MasterViewController.xib in Resources */,
				726782B614EAE980007FED82 /* DetailViewController.xib in Resources */,
				726782BB14EAFC6C007FED82 /* OrderPageController.xib in Resources */,
				726782C114EAFDFE007FED82 /* als.jpg in Resources */,
				726782C214EAFDFE007FED82 /* dougs.jpg in Resources */,
				726782C314EAFDFE007FED82 /* ginos.png in Resources */,
				726782C414EAFDFE007FED82 /* khans.png in Resources */,
				7220D95B15068F610013DFD5 /* restaurants.plist in Resources */,
			);
			runOnlyForDeploymentPostprocessing = 0;
		};
/* End PBXResourcesBuildPhase section */

/* Begin PBXSourcesBuildPhase section */
		7202CC0514EAE46900B12012 /* Sources */ = {
			isa = PBXSourcesBuildPhase;
			buildActionMask = 2147483647;
			files = (
				7202CC1A14EAE46900B12012 /* main.m in Sources */,
				7202CC1E14EAE46900B12012 /* AppDelegate.m in Sources */,
				7202CC2114EAE46900B12012 /* MasterViewController.m in Sources */,
				7202CC2414EAE46900B12012 /* DetailViewController.m in Sources */,
				726782BA14EAFC6C007FED82 /* OrderPageController.m in Sources */,
				722EF3C3150C3330005C2F70 /* CDataScanner.m in Sources */,
				722EF3C4150C3330005C2F70 /* CDataScanner_Extensions.m in Sources */,
				722EF3C5150C3330005C2F70 /* CJSONDeserializer.m in Sources */,
				722EF3C6150C3330005C2F70 /* CJSONScanner.m in Sources */,
				722EF3C7150C3330005C2F70 /* CJSONSerializer.m in Sources */,
				722EF3C8150C3330005C2F70 /* NSDictionary_JSONExtensions.m in Sources */,
			);
			runOnlyForDeploymentPostprocessing = 0;
		};
/* End PBXSourcesBuildPhase section */

/* Begin PBXVariantGroup section */
		7202CC1614EAE46900B12012 /* InfoPlist.strings */ = {
			isa = PBXVariantGroup;
			children = (
				7202CC1714EAE46900B12012 /* en */,
			);
			name = InfoPlist.strings;
			sourceTree = "<group>";
		};
		7202CC2514EAE46900B12012 /* MasterViewController.xib */ = {
			isa = PBXVariantGroup;
			children = (
				7202CC2614EAE46900B12012 /* en */,
			);
			name = MasterViewController.xib;
			sourceTree = "<group>";
		};
/* End PBXVariantGroup section */

/* Begin XCBuildConfiguration section */
		7202CC2B14EAE46900B12012 /* Debug */ = {
			isa = XCBuildConfiguration;
			buildSettings = {
				ALWAYS_SEARCH_USER_PATHS = NO;
				ARCHS = "$(ARCHS_STANDARD_32_BIT)";
				CLANG_ENABLE_OBJC_ARC = YES;
				"CODE_SIGN_IDENTITY[sdk=iphoneos*]" = "iPhone Developer";
				COPY_PHASE_STRIP = NO;
				GCC_C_LANGUAGE_STANDARD = gnu99;
				GCC_DYNAMIC_NO_PIC = NO;
				GCC_OPTIMIZATION_LEVEL = 0;
				GCC_PREPROCESSOR_DEFINITIONS = (
					"DEBUG=1",
					"$(inherited)",
				);
				GCC_SYMBOLS_PRIVATE_EXTERN = NO;
				GCC_VERSION = com.apple.compilers.llvm.clang.1_0;
				GCC_WARN_ABOUT_MISSING_PROTOTYPES = YES;
				GCC_WARN_ABOUT_RETURN_TYPE = YES;
				GCC_WARN_UNUSED_VARIABLE = YES;
				IPHONEOS_DEPLOYMENT_TARGET = 5.0;
				SDKROOT = iphoneos;
			};
			name = Debug;
		};
		7202CC2C14EAE46900B12012 /* Release */ = {
			isa = XCBuildConfiguration;
			buildSettings = {
				ALWAYS_SEARCH_USER_PATHS = NO;
				ARCHS = "$(ARCHS_STANDARD_32_BIT)";
				CLANG_ENABLE_OBJC_ARC = YES;
				"CODE_SIGN_IDENTITY[sdk=iphoneos*]" = "iPhone Developer";
				COPY_PHASE_STRIP = YES;
				GCC_C_LANGUAGE_STANDARD = gnu99;
				GCC_VERSION = com.apple.compilers.llvm.clang.1_0;
				GCC_WARN_ABOUT_MISSING_PROTOTYPES = YES;
				GCC_WARN_ABOUT_RETURN_TYPE = YES;
				GCC_WARN_UNUSED_VARIABLE = YES;
				IPHONEOS_DEPLOYMENT_TARGET = 5.0;
				OTHER_CFLAGS = "-DNS_BLOCK_ASSERTIONS=1";
				SDKROOT = iphoneos;
				VALIDATE_PRODUCT = YES;
			};
			name = Release;
		};
		7202CC2E14EAE46900B12012 /* Debug */ = {
			isa = XCBuildConfiguration;
			buildSettings = {
				GCC_PRECOMPILE_PREFIX_HEADER = YES;
				GCC_PREFIX_HEADER = "BallParkTest/BallParkTest-Prefix.pch";
				INFOPLIST_FILE = "BallParkTest/BallParkTest-Info.plist";
				PRODUCT_NAME = "$(TARGET_NAME)";
				WRAPPER_EXTENSION = app;
			};
			name = Debug;
		};
		7202CC2F14EAE46900B12012 /* Release */ = {
			isa = XCBuildConfiguration;
			buildSettings = {
				GCC_PRECOMPILE_PREFIX_HEADER = YES;
				GCC_PREFIX_HEADER = "BallParkTest/BallParkTest-Prefix.pch";
				INFOPLIST_FILE = "BallParkTest/BallParkTest-Info.plist";
				PRODUCT_NAME = "$(TARGET_NAME)";
				WRAPPER_EXTENSION = app;
			};
			name = Release;
		};
/* End XCBuildConfiguration section */

/* Begin XCConfigurationList section */
		7202CC0314EAE46800B12012 /* Build configuration list for PBXProject "BallParkTest" */ = {
			isa = XCConfigurationList;
			buildConfigurations = (
				7202CC2B14EAE46900B12012 /* Debug */,
				7202CC2C14EAE46900B12012 /* Release */,
			);
			defaultConfigurationIsVisible = 0;
			defaultConfigurationName = Release;
		};
		7202CC2D14EAE46900B12012 /* Build configuration list for PBXNativeTarget "BallParkTest" */ = {
			isa = XCConfigurationList;
			buildConfigurations = (
				7202CC2E14EAE46900B12012 /* Debug */,
				7202CC2F14EAE46900B12012 /* Release */,
			);
			defaultConfigurationIsVisible = 0;
			defaultConfigurationName = Release;
		};
/* End XCConfigurationList section */
	};
	rootObject = 7202CC0014EAE46800B12012 /* Project object */;
}
